
Microsoft Visual Studio Solution File, Format Version 12.00
# Visual Studio Version 16
VisualStudioVersion = 16.0.31105.61
MinimumVisualStudioVersion = 10.0.40219.1
Project("{FAE04EC0-301F-11D3-BF4B-00C04F79EFBC}") = "HelloWinform1", "HelloWinform1\HelloWinform1.csproj", "{D825C060-857D-4F46-B37A-7A6CDB65589A}"
EndProject
Global
	GlobalSection(SolutionConfigurationPlatforms) = preSolution
		Debug|Any CPU = Debug|Any CPU
		Release|Any CPU = Release|Any CPU
	EndGlobalSection
	GlobalSection(ProjectConfigurationPlatforms) = postSolution
		{D825C060-857D-4F46-B37A-7A6CDB65589A}.Debug|Any CPU.ActiveCfg = Debug|Any CPU
		{D825C060-857D-4F46-B37A-7A6CDB65589A}.Debug|Any CPU.Build.0 = Debug|Any CPU
		{D825C060-857D-4F46-B37A-7A6CDB65589A}.Release|Any CPU.ActiveCfg = Release|Any CPU
		{D825C060-857D-4F46-B37A-7A6CDB65589A}.Release|Any CPU.Build.0 = Release|Any CPU
	EndGlobalSection
	GlobalSection(SolutionProperties) = preSolution
		HideSolutionNode = FALSE
	EndGlobalSection
	GlobalSection(ExtensibilityGlobals) = postSolution
		SolutionGuid = {141CEDFB-D5FA-41E9-BE31-B2C2277005BB}
	EndGlobalSection
EndGlobal
